
Microsoft Visual Studio Solution File, Format Version 12.00
# Visual Studio 15
VisualStudioVersion = 15.0.27428.2015
MinimumVisualStudioVersion = 10.0.40219.1
Project("{FAE04EC0-301F-11D3-BF4B-00C04F79EFBC}") = "ex11", "ex11\ex11.csproj", "{AB2103DF-287A-48F0-8366-F52EFDB8BFCD}"
EndProject
Global
	GlobalSection(SolutionConfigurationPlatforms) = preSolution
		Debug|Any CPU = Debug|Any CPU
		Release|Any CPU = Release|Any CPU
	EndGlobalSection
	GlobalSection(ProjectConfigurationPlatforms) = postSolution
		{AB2103DF-287A-48F0-8366-F52EFDB8BFCD}.Debug|Any CPU.ActiveCfg = Debug|Any CPU
		{AB2103DF-287A-48F0-8366-F52EFDB8BFCD}.Debug|Any CPU.Build.0 = Debug|Any CPU
		{AB2103DF-287A-48F0-8366-F52EFDB8BFCD}.Release|Any CPU.ActiveCfg = Release|Any CPU
		{AB2103DF-287A-48F0-8366-F52EFDB8BFCD}.Release|Any CPU.Build.0 = Release|Any CPU
	EndGlobalSection
	GlobalSection(SolutionProperties) = preSolution
		HideSolutionNode = FALSE
	EndGlobalSection
	GlobalSection(ExtensibilityGlobals) = postSolution
		SolutionGuid = {7B028ED1-39CF-4C86-841C-0227848E5EC2}
	EndGlobalSection
EndGlobal
